
Microsoft Visual Studio Solution File, Format Version 11.00
# Visual Studio 2010
Project("{8BC9CEB8-8B4A-11D0-8D11-00A0C91BC942}") = "PA10version2", "PA10version2\PA10version2.vcxproj", "{92EF9927-E653-4F8F-BEE0-11C49FA50252}"
EndProject
Global
	GlobalSection(SolutionConfigurationPlatforms) = preSolution
		Debug|Win32 = Debug|Win32
		Release|Win32 = Release|Win32
	EndGlobalSection
	GlobalSection(ProjectConfigurationPlatforms) = postSolution
		{92EF9927-E653-4F8F-BEE0-11C49FA50252}.Debug|Win32.ActiveCfg = Debug|Win32
		{92EF9927-E653-4F8F-BEE0-11C49FA50252}.Debug|Win32.Build.0 = Debug|Win32
		{92EF9927-E653-4F8F-BEE0-11C49FA50252}.Release|Win32.ActiveCfg = Release|Win32
		{92EF9927-E653-4F8F-BEE0-11C49FA50252}.Release|Win32.Build.0 = Release|Win32
	EndGlobalSection
	GlobalSection(SolutionProperties) = preSolution
		HideSolutionNode = FALSE
	EndGlobalSection
EndGlobal
