
Microsoft Visual Studio Solution File, Format Version 11.00
# Visual Studio 2010
Project("{8BC9CEB8-8B4A-11D0-8D11-00A0C91BC942}") = "2DimArray", "2DimArray\2DimArray.vcxproj", "{FDBB9674-E894-481F-9735-9C9C3068ED6B}"
EndProject
Global
	GlobalSection(SolutionConfigurationPlatforms) = preSolution
		Debug|Win32 = Debug|Win32
		Release|Win32 = Release|Win32
	EndGlobalSection
	GlobalSection(ProjectConfigurationPlatforms) = postSolution
		{FDBB9674-E894-481F-9735-9C9C3068ED6B}.Debug|Win32.ActiveCfg = Debug|Win32
		{FDBB9674-E894-481F-9735-9C9C3068ED6B}.Debug|Win32.Build.0 = Debug|Win32
		{FDBB9674-E894-481F-9735-9C9C3068ED6B}.Release|Win32.ActiveCfg = Release|Win32
		{FDBB9674-E894-481F-9735-9C9C3068ED6B}.Release|Win32.Build.0 = Release|Win32
	EndGlobalSection
	GlobalSection(SolutionProperties) = preSolution
		HideSolutionNode = FALSE
	EndGlobalSection
EndGlobal
